<Solution>
  <Folder Name="/src/">
    <Project Path="src/LalabAutoReport.Core/LalabAutoReport.Core.csproj" />
    <Project Path="src/LalabAutoReport.Infrastructure/LalabAutoReport.Infrastructure.csproj" />
    <Project Path="src/LalabAutoReport.UI/LalabAutoReport.UI.csproj" />
  </Folder>
  <Folder Name="/tests/">
    <Project Path="tests/LalabAutoReport.Tests/LalabAutoReport.Tests.csproj" />
  </Folder>
</Solution>
